
Microsoft Visual Studio Solution File, Format Version 12.00
# Visual Studio 15
VisualStudioVersion = 15.0.28307.421
MinimumVisualStudioVersion = 10.0.40219.1
Project("{FAE04EC0-301F-11D3-BF4B-00C04F79EFBC}") = "Emergencia", "Emergencia\Emergencia.csproj", "{F809C509-E599-42AF-9EB4-902DD28A2F87}"
EndProject
Global
	GlobalSection(SolutionConfigurationPlatforms) = preSolution
		Debug|Any CPU = Debug|Any CPU
		Release|Any CPU = Release|Any CPU
	EndGlobalSection
	GlobalSection(ProjectConfigurationPlatforms) = postSolution
		{F809C509-E599-42AF-9EB4-902DD28A2F87}.Debug|Any CPU.ActiveCfg = Debug|Any CPU
		{F809C509-E599-42AF-9EB4-902DD28A2F87}.Debug|Any CPU.Build.0 = Debug|Any CPU
		{F809C509-E599-42AF-9EB4-902DD28A2F87}.Release|Any CPU.ActiveCfg = Release|Any CPU
		{F809C509-E599-42AF-9EB4-902DD28A2F87}.Release|Any CPU.Build.0 = Release|Any CPU
	EndGlobalSection
	GlobalSection(SolutionProperties) = preSolution
		HideSolutionNode = FALSE
	EndGlobalSection
	GlobalSection(ExtensibilityGlobals) = postSolution
		SolutionGuid = {2F3F3CF6-4241-4038-AD7A-D95250A92C16}
	EndGlobalSection
	GlobalSection(TeamFoundationVersionControl) = preSolution
		SccNumberOfProjects = 2
		SccEnterpriseProvider = {4CA58AB2-18FA-4F8D-95D4-32DDF27D184C}
		SccTeamFoundationServer = https://jorge-pinheiro.visualstudio.com/
		SccLocalPath0 = .
		SccProjectUniqueName1 = Emergencia\\Emergencia.csproj
		SccProjectName1 = Emergencia
		SccLocalPath1 = Emergencia
	EndGlobalSection
EndGlobal
